schema: '2.0'
stages:
  stage_01:
    cmd: python stage_01.py
    deps:
    - path: stage_01.py
      hash: md5
      md5: b1b2585d553219f1577bde4ff7201cd1
      size: 89
    outs:
    - path: artifact.txt
      hash: md5
      md5: c9cf6ac61d2788a4dcd5cbfbbf675704
      size: 35
  stage_02:
    cmd: python stage_02.py
    deps:
    - path: artifact.txt
      hash: md5
      md5: c9cf6ac61d2788a4dcd5cbfbbf675704
      size: 35
    - path: stage_02.py
      hash: md5
      md5: 99f3fe9e11cccaf5d647a798b367de69
      size: 67
  stage_03:
    cmd: python stage_03.py
    deps:
    - path: artifact.txt
      hash: md5
      md5: 0a29e7eaab390a8a13af8ba2e095de78
      size: 58
    - path: stage_03.py
      hash: md5
      md5: 252610ae9096cd00dd1f61dd7f645033
      size: 181
